
Microsoft Visual Studio Solution File, Format Version 12.00
# Visual Studio Version 16
VisualStudioVersion = 16.0.31229.75
MinimumVisualStudioVersion = 10.0.40219.1
Project("{FAE04EC0-301F-11D3-BF4B-00C04F79EFBC}") = "Abstract Class Assignment Step 241", "Abstract Class Assignment Step 241\Abstract Class Assignment Step 241.csproj", "{3093EB5B-8080-4E8A-A082-0EB478FC31E4}"
EndProject
Global
	GlobalSection(SolutionConfigurationPlatforms) = preSolution
		Debug|Any CPU = Debug|Any CPU
		Release|Any CPU = Release|Any CPU
	EndGlobalSection
	GlobalSection(ProjectConfigurationPlatforms) = postSolution
		{3093EB5B-8080-4E8A-A082-0EB478FC31E4}.Debug|Any CPU.ActiveCfg = Debug|Any CPU
		{3093EB5B-8080-4E8A-A082-0EB478FC31E4}.Debug|Any CPU.Build.0 = Debug|Any CPU
		{3093EB5B-8080-4E8A-A082-0EB478FC31E4}.Release|Any CPU.ActiveCfg = Release|Any CPU
		{3093EB5B-8080-4E8A-A082-0EB478FC31E4}.Release|Any CPU.Build.0 = Release|Any CPU
	EndGlobalSection
	GlobalSection(SolutionProperties) = preSolution
		HideSolutionNode = FALSE
	EndGlobalSection
	GlobalSection(ExtensibilityGlobals) = postSolution
		SolutionGuid = {6D09CF9E-2133-4E6F-8334-77302DA03E31}
	EndGlobalSection
EndGlobal
