
Microsoft Visual Studio Solution File, Format Version 12.00
# Visual Studio Version 16
VisualStudioVersion = 16.0.31229.75
MinimumVisualStudioVersion = 10.0.40219.1
Project("{FAE04EC0-301F-11D3-BF4B-00C04F79EFBC}") = "Exception Handling Assignment", "Exception Handling Assignment\Exception Handling Assignment.csproj", "{1FB509C5-983C-4BEE-8E96-47064EED8D90}"
EndProject
Global
	GlobalSection(SolutionConfigurationPlatforms) = preSolution
		Debug|Any CPU = Debug|Any CPU
		Release|Any CPU = Release|Any CPU
	EndGlobalSection
	GlobalSection(ProjectConfigurationPlatforms) = postSolution
		{1FB509C5-983C-4BEE-8E96-47064EED8D90}.Debug|Any CPU.ActiveCfg = Debug|Any CPU
		{1FB509C5-983C-4BEE-8E96-47064EED8D90}.Debug|Any CPU.Build.0 = Debug|Any CPU
		{1FB509C5-983C-4BEE-8E96-47064EED8D90}.Release|Any CPU.ActiveCfg = Release|Any CPU
		{1FB509C5-983C-4BEE-8E96-47064EED8D90}.Release|Any CPU.Build.0 = Release|Any CPU
	EndGlobalSection
	GlobalSection(SolutionProperties) = preSolution
		HideSolutionNode = FALSE
	EndGlobalSection
	GlobalSection(ExtensibilityGlobals) = postSolution
		SolutionGuid = {E2738802-9C47-4AD2-92BB-2CDBAB8766DB}
	EndGlobalSection
EndGlobal
