
Microsoft Visual Studio Solution File, Format Version 12.00
# Visual Studio Version 16
VisualStudioVersion = 16.0.31229.75
MinimumVisualStudioVersion = 10.0.40219.1
Project("{FAE04EC0-301F-11D3-BF4B-00C04F79EFBC}") = "Method Class Assignment Step 220", "Method Class Assignment Step 220\Method Class Assignment Step 220.csproj", "{97441BDD-EB40-46BB-A335-0DE121DAB3A1}"
EndProject
Global
	GlobalSection(SolutionConfigurationPlatforms) = preSolution
		Debug|Any CPU = Debug|Any CPU
		Release|Any CPU = Release|Any CPU
	EndGlobalSection
	GlobalSection(ProjectConfigurationPlatforms) = postSolution
		{97441BDD-EB40-46BB-A335-0DE121DAB3A1}.Debug|Any CPU.ActiveCfg = Debug|Any CPU
		{97441BDD-EB40-46BB-A335-0DE121DAB3A1}.Debug|Any CPU.Build.0 = Debug|Any CPU
		{97441BDD-EB40-46BB-A335-0DE121DAB3A1}.Release|Any CPU.ActiveCfg = Release|Any CPU
		{97441BDD-EB40-46BB-A335-0DE121DAB3A1}.Release|Any CPU.Build.0 = Release|Any CPU
	EndGlobalSection
	GlobalSection(SolutionProperties) = preSolution
		HideSolutionNode = FALSE
	EndGlobalSection
	GlobalSection(ExtensibilityGlobals) = postSolution
		SolutionGuid = {55D86BE0-966C-4857-A286-D56B1E7AB892}
	EndGlobalSection
EndGlobal
