
Microsoft Visual Studio Solution File, Format Version 12.00
# Visual Studio Version 16
VisualStudioVersion = 16.0.31229.75
MinimumVisualStudioVersion = 10.0.40219.1
Project("{FAE04EC0-301F-11D3-BF4B-00C04F79EFBC}") = "Parsing Enums Assignment Step 262", "Parsing Enums Assignment Step 262\Parsing Enums Assignment Step 262.csproj", "{99522C67-6193-4B08-A131-9B8615EB80F4}"
EndProject
Global
	GlobalSection(SolutionConfigurationPlatforms) = preSolution
		Debug|Any CPU = Debug|Any CPU
		Release|Any CPU = Release|Any CPU
	EndGlobalSection
	GlobalSection(ProjectConfigurationPlatforms) = postSolution
		{99522C67-6193-4B08-A131-9B8615EB80F4}.Debug|Any CPU.ActiveCfg = Debug|Any CPU
		{99522C67-6193-4B08-A131-9B8615EB80F4}.Debug|Any CPU.Build.0 = Debug|Any CPU
		{99522C67-6193-4B08-A131-9B8615EB80F4}.Release|Any CPU.ActiveCfg = Release|Any CPU
		{99522C67-6193-4B08-A131-9B8615EB80F4}.Release|Any CPU.Build.0 = Release|Any CPU
	EndGlobalSection
	GlobalSection(SolutionProperties) = preSolution
		HideSolutionNode = FALSE
	EndGlobalSection
	GlobalSection(ExtensibilityGlobals) = postSolution
		SolutionGuid = {C7F0B0E9-B8DE-413A-8EC0-029A4522FED5}
	EndGlobalSection
EndGlobal
